
Microsoft Visual Studio Solution File, Format Version 12.00
# Visual Studio Version 17
VisualStudioVersion = 17.8.34322.80
MinimumVisualStudioVersion = 10.0.40219.1
Project("{FAE04EC0-301F-11D3-BF4B-00C04F79EFBC}") = "4. Data types", "4. Data types.csproj", "{43D22F6B-AC3D-42C3-899C-6763C2B2CDAF}"
EndProject
Global
	GlobalSection(SolutionConfigurationPlatforms) = preSolution
		Debug|Any CPU = Debug|Any CPU
		Release|Any CPU = Release|Any CPU
	EndGlobalSection
	GlobalSection(ProjectConfigurationPlatforms) = postSolution
		{43D22F6B-AC3D-42C3-899C-6763C2B2CDAF}.Debug|Any CPU.ActiveCfg = Debug|Any CPU
		{43D22F6B-AC3D-42C3-899C-6763C2B2CDAF}.Debug|Any CPU.Build.0 = Debug|Any CPU
		{43D22F6B-AC3D-42C3-899C-6763C2B2CDAF}.Release|Any CPU.ActiveCfg = Release|Any CPU
		{43D22F6B-AC3D-42C3-899C-6763C2B2CDAF}.Release|Any CPU.Build.0 = Release|Any CPU
	EndGlobalSection
	GlobalSection(SolutionProperties) = preSolution
		HideSolutionNode = FALSE
	EndGlobalSection
	GlobalSection(ExtensibilityGlobals) = postSolution
		SolutionGuid = {55E0B031-7C21-4874-827E-173628EB4EEC}
	EndGlobalSection
EndGlobal
